// !$*UTF8*$!
{
	archiveVersion = 1;
	classes = {
	};
	objectVersion = 50;
	objects = {

/* Begin PBXBuildFile section */
		C42C7AFC2266D8B500BF9F99 /* AppDelegate.swift in Sources */ = {isa = PBXBuildFile; fileRef = C42C7AFB2266D8B500BF9F99 /* AppDelegate.swift */; };
		C42C7AFE2266D8B500BF9F99 /* ViewController.swift in Sources */ = {isa = PBXBuildFile; fileRef = C42C7AFD2266D8B500BF9F99 /* ViewController.swift */; };
		C42C7B012266D8B500BF9F99 /* Main.storyboard in Resources */ = {isa = PBXBuildFile; fileRef = C42C7AFF2266D8B500BF9F99 /* Main.storyboard */; };
		C42C7B032266D8B600BF9F99 /* Assets.xcassets in Resources */ = {isa = PBXBuildFile; fileRef = C42C7B022266D8B600BF9F99 /* Assets.xcassets */; };
		C42C7B062266D8B600BF9F99 /* LaunchScreen.storyboard in Resources */ = {isa = PBXBuildFile; fileRef = C42C7B042266D8B600BF9F99 /* LaunchScreen.storyboard */; };
		C4966907228AD9EF0084610D /* UICollectionViewFlexboxLayout.framework in Frameworks */ = {isa = PBXBuildFile; fileRef = C4966906228AD9EF0084610D /* UICollectionViewFlexboxLayout.framework */; };
		C4966908228AD9EF0084610D /* UICollectionViewFlexboxLayout.framework in Embed Frameworks */ = {isa = PBXBuildFile; fileRef = C4966906228AD9EF0084610D /* UICollectionViewFlexboxLayout.framework */; settings = {ATTRIBUTES = (CodeSignOnCopy, RemoveHeadersOnCopy, ); }; };
		C4D087752283DA5E00B5923D /* ControlPannel.swift in Sources */ = {isa = PBXBuildFile; fileRef = C4D087742283DA5E00B5923D /* ControlPannel.swift */; };
		C4D087772283DCF100B5923D /* Intent.framework in Frameworks */ = {isa = PBXBuildFile; fileRef = C4D087762283DCF100B5923D /* Intent.framework */; };
		C4D7DE4D22716AE200F690D4 /* JWRefreshControl.framework in Frameworks */ = {isa = PBXBuildFile; fileRef = C4D7DE4C22716AE200F690D4 /* JWRefreshControl.framework */; };
/* End PBXBuildFile section */

/* Begin PBXCopyFilesBuildPhase section */
		C4966909228AD9EF0084610D /* Embed Frameworks */ = {
			isa = PBXCopyFilesBuildPhase;
			buildActionMask = 2147483647;
			dstPath = "";
			dstSubfolderSpec = 10;
			files = (
				C4966908228AD9EF0084610D /* UICollectionViewFlexboxLayout.framework in Embed Frameworks */,
			);
			name = "Embed Frameworks";
			runOnlyForDeploymentPostprocessing = 0;
		};
/* End PBXCopyFilesBuildPhase section */

/* Begin PBXFileReference section */
		C42C7AF82266D8B500BF9F99 /* UICollectionViewFlexboxLayoutDemo.app */ = {isa = PBXFileReference; explicitFileType = wrapper.application; includeInIndex = 0; path = UICollectionViewFlexboxLayoutDemo.app; sourceTree = BUILT_PRODUCTS_DIR; };
		C42C7AFB2266D8B500BF9F99 /* AppDelegate.swift */ = {isa = PBXFileReference; lastKnownFileType = sourcecode.swift; path = AppDelegate.swift; sourceTree = "<group>"; };
		C42C7AFD2266D8B500BF9F99 /* ViewController.swift */ = {isa = PBXFileReference; lastKnownFileType = sourcecode.swift; path = ViewController.swift; sourceTree = "<group>"; };
		C42C7B002266D8B500BF9F99 /* Base */ = {isa = PBXFileReference; lastKnownFileType = file.storyboard; name = Base; path = Base.lproj/Main.storyboard; sourceTree = "<group>"; };
		C42C7B022266D8B600BF9F99 /* Assets.xcassets */ = {isa = PBXFileReference; lastKnownFileType = folder.assetcatalog; path = Assets.xcassets; sourceTree = "<group>"; };
		C42C7B052266D8B600BF9F99 /* Base */ = {isa = PBXFileReference; lastKnownFileType = file.storyboard; name = Base; path = Base.lproj/LaunchScreen.storyboard; sourceTree = "<group>"; };
		C42C7B072266D8B600BF9F99 /* Info.plist */ = {isa = PBXFileReference; lastKnownFileType = text.plist.xml; path = Info.plist; sourceTree = "<group>"; };
		C4966901228AD9710084610D /* UICollectionViewFlexboxLayout.framework */ = {isa = PBXFileReference; lastKnownFileType = wrapper.framework; name = UICollectionViewFlexboxLayout.framework; path = "../../../Library/Developer/Xcode/DerivedData/UICollectionViewFlexboxLayout-ajpiejdpkaklzieweeonzdnfizyw/Build/Products/Debug-iphoneos/UICollectionViewFlexboxLayout.framework"; sourceTree = "<group>"; };
		C4966904228AD9E80084610D /* UICollectionViewFlexboxLayout.framework */ = {isa = PBXFileReference; explicitFileType = wrapper.framework; path = UICollectionViewFlexboxLayout.framework; sourceTree = BUILT_PRODUCTS_DIR; };
		C4966906228AD9EF0084610D /* UICollectionViewFlexboxLayout.framework */ = {isa = PBXFileReference; explicitFileType = wrapper.framework; path = UICollectionViewFlexboxLayout.framework; sourceTree = BUILT_PRODUCTS_DIR; };
		C4D087742283DA5E00B5923D /* ControlPannel.swift */ = {isa = PBXFileReference; lastKnownFileType = sourcecode.swift; path = ControlPannel.swift; sourceTree = "<group>"; };
		C4D087762283DCF100B5923D /* Intent.framework */ = {isa = PBXFileReference; lastKnownFileType = wrapper.framework; name = Intent.framework; path = Carthage/Build/iOS/Intent.framework; sourceTree = "<group>"; };
		C4D7DE4C22716AE200F690D4 /* JWRefreshControl.framework */ = {isa = PBXFileReference; lastKnownFileType = wrapper.framework; name = JWRefreshControl.framework; path = Carthage/Build/iOS/JWRefreshControl.framework; sourceTree = "<group>"; };
/* End PBXFileReference section */

/* Begin PBXFrameworksBuildPhase section */
		C42C7AF52266D8B500BF9F99 /* Frameworks */ = {
			isa = PBXFrameworksBuildPhase;
			buildActionMask = 2147483647;
			files = (
				C4966907228AD9EF0084610D /* UICollectionViewFlexboxLayout.framework in Frameworks */,
				C4D7DE4D22716AE200F690D4 /* JWRefreshControl.framework in Frameworks */,
				C4D087772283DCF100B5923D /* Intent.framework in Frameworks */,
			);
			runOnlyForDeploymentPostprocessing = 0;
		};
/* End PBXFrameworksBuildPhase section */

/* Begin PBXGroup section */
		C42C7AEF2266D8B400BF9F99 = {
			isa = PBXGroup;
			children = (
				C4966906228AD9EF0084610D /* UICollectionViewFlexboxLayout.framework */,
				C42C7AFA2266D8B500BF9F99 /* UICollectionViewFlexboxLayoutDemo */,
				C42C7AF92266D8B500BF9F99 /* Products */,
				C4D7DE4B22716AE200F690D4 /* Frameworks */,
			);
			sourceTree = "<group>";
		};
		C42C7AF92266D8B500BF9F99 /* Products */ = {
			isa = PBXGroup;
			children = (
				C42C7AF82266D8B500BF9F99 /* UICollectionViewFlexboxLayoutDemo.app */,
			);
			name = Products;
			sourceTree = "<group>";
		};
		C42C7AFA2266D8B500BF9F99 /* UICollectionViewFlexboxLayoutDemo */ = {
			isa = PBXGroup;
			children = (
				C42C7AFB2266D8B500BF9F99 /* AppDelegate.swift */,
				C42C7AFD2266D8B500BF9F99 /* ViewController.swift */,
				C4D087742283DA5E00B5923D /* ControlPannel.swift */,
				C42C7AFF2266D8B500BF9F99 /* Main.storyboard */,
				C42C7B022266D8B600BF9F99 /* Assets.xcassets */,
				C42C7B042266D8B600BF9F99 /* LaunchScreen.storyboard */,
				C42C7B072266D8B600BF9F99 /* Info.plist */,
			);
			path = UICollectionViewFlexboxLayoutDemo;
			sourceTree = "<group>";
		};
		C4D7DE4B22716AE200F690D4 /* Frameworks */ = {
			isa = PBXGroup;
			children = (
				C4966904228AD9E80084610D /* UICollectionViewFlexboxLayout.framework */,
				C4966901228AD9710084610D /* UICollectionViewFlexboxLayout.framework */,
				C4D087762283DCF100B5923D /* Intent.framework */,
				C4D7DE4C22716AE200F690D4 /* JWRefreshControl.framework */,
			);
			name = Frameworks;
			sourceTree = "<group>";
		};
/* End PBXGroup section */

/* Begin PBXNativeTarget section */
		C42C7AF72266D8B500BF9F99 /* UICollectionViewFlexboxLayoutDemo */ = {
			isa = PBXNativeTarget;
			buildConfigurationList = C42C7B0A2266D8B600BF9F99 /* Build configuration list for PBXNativeTarget "UICollectionViewFlexboxLayoutDemo" */;
			buildPhases = (
				C42C7AF42266D8B500BF9F99 /* Sources */,
				C42C7AF52266D8B500BF9F99 /* Frameworks */,
				C42C7AF62266D8B500BF9F99 /* Resources */,
				C4D7DE4F22716B2800F690D4 /* Embed Carthage Frameworks */,
				C4966909228AD9EF0084610D /* Embed Frameworks */,
			);
			buildRules = (
			);
			dependencies = (
			);
			name = UICollectionViewFlexboxLayoutDemo;
			productName = UICollectionViewFlexboxLayout;
			productReference = C42C7AF82266D8B500BF9F99 /* UICollectionViewFlexboxLayoutDemo.app */;
			productType = "com.apple.product-type.application";
		};
/* End PBXNativeTarget section */

/* Begin PBXProject section */
		C42C7AF02266D8B400BF9F99 /* Project object */ = {
			isa = PBXProject;
			attributes = {
				LastSwiftUpdateCheck = 1020;
				LastUpgradeCheck = 1020;
				ORGANIZATIONNAME = com.jerry;
				TargetAttributes = {
					C42C7AF72266D8B500BF9F99 = {
						CreatedOnToolsVersion = 10.2;
					};
				};
			};
			buildConfigurationList = C42C7AF32266D8B400BF9F99 /* Build configuration list for PBXProject "UICollectionViewFlexboxLayoutDemo" */;
			compatibilityVersion = "Xcode 9.3";
			developmentRegion = en;
			hasScannedForEncodings = 0;
			knownRegions = (
				en,
				Base,
			);
			mainGroup = C42C7AEF2266D8B400BF9F99;
			productRefGroup = C42C7AF92266D8B500BF9F99 /* Products */;
			projectDirPath = "";
			projectRoot = "";
			targets = (
				C42C7AF72266D8B500BF9F99 /* UICollectionViewFlexboxLayoutDemo */,
			);
		};
/* End PBXProject section */

/* Begin PBXResourcesBuildPhase section */
		C42C7AF62266D8B500BF9F99 /* Resources */ = {
			isa = PBXResourcesBuildPhase;
			buildActionMask = 2147483647;
			files = (
				C42C7B062266D8B600BF9F99 /* LaunchScreen.storyboard in Resources */,
				C42C7B032266D8B600BF9F99 /* Assets.xcassets in Resources */,
				C42C7B012266D8B500BF9F99 /* Main.storyboard in Resources */,
			);
			runOnlyForDeploymentPostprocessing = 0;
		};
/* End PBXResourcesBuildPhase section */

/* Begin PBXShellScriptBuildPhase section */
		C4D7DE4F22716B2800F690D4 /* Embed Carthage Frameworks */ = {
			isa = PBXShellScriptBuildPhase;
			buildActionMask = 2147483647;
			files = (
			);
			inputFileListPaths = (
			);
			inputPaths = (
				"$(SRCROOT)/../Carthage/Build/iOS/JWRefreshControl.framework",
				"$(SRCROOT)/../Carthage/Build/iOS/Intent.framework",
			);
			name = "Embed Carthage Frameworks";
			outputFileListPaths = (
			);
			outputPaths = (
			);
			runOnlyForDeploymentPostprocessing = 0;
			shellPath = /bin/sh;
			shellScript = "/usr/local/bin/carthage copy-frameworks\n";
		};
/* End PBXShellScriptBuildPhase section */

/* Begin PBXSourcesBuildPhase section */
		C42C7AF42266D8B500BF9F99 /* Sources */ = {
			isa = PBXSourcesBuildPhase;
			buildActionMask = 2147483647;
			files = (
				C42C7AFE2266D8B500BF9F99 /* ViewController.swift in Sources */,
				C42C7AFC2266D8B500BF9F99 /* AppDelegate.swift in Sources */,
				C4D087752283DA5E00B5923D /* ControlPannel.swift in Sources */,
			);
			runOnlyForDeploymentPostprocessing = 0;
		};
/* End PBXSourcesBuildPhase section */

/* Begin PBXVariantGroup section */
		C42C7AFF2266D8B500BF9F99 /* Main.storyboard */ = {
			isa = PBXVariantGroup;
			children = (
				C42C7B002266D8B500BF9F99 /* Base */,
			);
			name = Main.storyboard;
			sourceTree = "<group>";
		};
		C42C7B042266D8B600BF9F99 /* LaunchScreen.storyboard */ = {
			isa = PBXVariantGroup;
			children = (
				C42C7B052266D8B600BF9F99 /* Base */,
			);
			name = LaunchScreen.storyboard;
			sourceTree = "<group>";
		};
/* End PBXVariantGroup section */

/* Begin XCBuildConfiguration section */
		C42C7B082266D8B600BF9F99 /* Debug */ = {
			isa = XCBuildConfiguration;
			buildSettings = {
				ALWAYS_SEARCH_USER_PATHS = NO;
				CLANG_ANALYZER_NONNULL = YES;
				CLANG_ANALYZER_NUMBER_OBJECT_CONVERSION = YES_AGGRESSIVE;
				CLANG_CXX_LANGUAGE_STANDARD = "gnu++14";
				CLANG_CXX_LIBRARY = "libc++";
				CLANG_ENABLE_MODULES = YES;
				CLANG_ENABLE_OBJC_ARC = YES;
				CLANG_ENABLE_OBJC_WEAK = YES;
				CLANG_WARN_BLOCK_CAPTURE_AUTORELEASING = YES;
				CLANG_WARN_BOOL_CONVERSION = YES;
				CLANG_WARN_COMMA = YES;
				CLANG_WARN_CONSTANT_CONVERSION = YES;
				CLANG_WARN_DEPRECATED_OBJC_IMPLEMENTATIONS = YES;
				CLANG_WARN_DIRECT_OBJC_ISA_USAGE = YES_ERROR;
				CLANG_WARN_DOCUMENTATION_COMMENTS = YES;
				CLANG_WARN_EMPTY_BODY = YES;
				CLANG_WARN_ENUM_CONVERSION = YES;
				CLANG_WARN_INFINITE_RECURSION = YES;
				CLANG_WARN_INT_CONVERSION = YES;
				CLANG_WARN_NON_LITERAL_NULL_CONVERSION = YES;
				CLANG_WARN_OBJC_IMPLICIT_RETAIN_SELF = YES;
				CLANG_WARN_OBJC_LITERAL_CONVERSION = YES;
				CLANG_WARN_OBJC_ROOT_CLASS = YES_ERROR;
				CLANG_WARN_RANGE_LOOP_ANALYSIS = YES;
				CLANG_WARN_STRICT_PROTOTYPES = YES;
				CLANG_WARN_SUSPICIOUS_MOVE = YES;
				CLANG_WARN_UNGUARDED_AVAILABILITY = YES_AGGRESSIVE;
				CLANG_WARN_UNREACHABLE_CODE = YES;
				CLANG_WARN__DUPLICATE_METHOD_MATCH = YES;
				CODE_SIGN_IDENTITY = "iPhone Developer";
				COPY_PHASE_STRIP = NO;
				DEBUG_INFORMATION_FORMAT = dwarf;
				ENABLE_STRICT_OBJC_MSGSEND = YES;
				ENABLE_TESTABILITY = YES;
				GCC_C_LANGUAGE_STANDARD = gnu11;
				GCC_DYNAMIC_NO_PIC = NO;
				GCC_NO_COMMON_BLOCKS = YES;
				GCC_OPTIMIZATION_LEVEL = 0;
				GCC_PREPROCESSOR_DEFINITIONS = (
					"DEBUG=1",
					"$(inherited)",
				);
				GCC_WARN_64_TO_32_BIT_CONVERSION = YES;
				GCC_WARN_ABOUT_RETURN_TYPE = YES_ERROR;
				GCC_WARN_UNDECLARED_SELECTOR = YES;
				GCC_WARN_UNINITIALIZED_AUTOS = YES_AGGRESSIVE;
				GCC_WARN_UNUSED_FUNCTION = YES;
				GCC_WARN_UNUSED_VARIABLE = YES;
				IPHONEOS_DEPLOYMENT_TARGET = 12.2;
				MTL_ENABLE_DEBUG_INFO = INCLUDE_SOURCE;
				MTL_FAST_MATH = YES;
				ONLY_ACTIVE_ARCH = YES;
				SDKROOT = iphoneos;
				SWIFT_ACTIVE_COMPILATION_CONDITIONS = DEBUG;
				SWIFT_OPTIMIZATION_LEVEL = "-Onone";
			};
			name = Debug;
		};
		C42C7B092266D8B600BF9F99 /* Release */ = {
			isa = XCBuildConfiguration;
			buildSettings = {
				ALWAYS_SEARCH_USER_PATHS = NO;
				CLANG_ANALYZER_NONNULL = YES;
				CLANG_ANALYZER_NUMBER_OBJECT_CONVERSION = YES_AGGRESSIVE;
				CLANG_CXX_LANGUAGE_STANDARD = "gnu++14";
				CLANG_CXX_LIBRARY = "libc++";
				CLANG_ENABLE_MODULES = YES;
				CLANG_ENABLE_OBJC_ARC = YES;
				CLANG_ENABLE_OBJC_WEAK = YES;
				CLANG_WARN_BLOCK_CAPTURE_AUTORELEASING = YES;
				CLANG_WARN_BOOL_CONVERSION = YES;
				CLANG_WARN_COMMA = YES;
				CLANG_WARN_CONSTANT_CONVERSION = YES;
				CLANG_WARN_DEPRECATED_OBJC_IMPLEMENTATIONS = YES;
				CLANG_WARN_DIRECT_OBJC_ISA_USAGE = YES_ERROR;
				CLANG_WARN_DOCUMENTATION_COMMENTS = YES;
				CLANG_WARN_EMPTY_BODY = YES;
				CLANG_WARN_ENUM_CONVERSION = YES;
				CLANG_WARN_INFINITE_RECURSION = YES;
				CLANG_WARN_INT_CONVERSION = YES;
				CLANG_WARN_NON_LITERAL_NULL_CONVERSION = YES;
				CLANG_WARN_OBJC_IMPLICIT_RETAIN_SELF = YES;
				CLANG_WARN_OBJC_LITERAL_CONVERSION = YES;
				CLANG_WARN_OBJC_ROOT_CLASS = YES_ERROR;
				CLANG_WARN_RANGE_LOOP_ANALYSIS = YES;
				CLANG_WARN_STRICT_PROTOTYPES = YES;
				CLANG_WARN_SUSPICIOUS_MOVE = YES;
				CLANG_WARN_UNGUARDED_AVAILABILITY = YES_AGGRESSIVE;
				CLANG_WARN_UNREACHABLE_CODE = YES;
				CLANG_WARN__DUPLICATE_METHOD_MATCH = YES;
				CODE_SIGN_IDENTITY = "iPhone Developer";
				COPY_PHASE_STRIP = NO;
				DEBUG_INFORMATION_FORMAT = "dwarf-with-dsym";
				ENABLE_NS_ASSERTIONS = NO;
				ENABLE_STRICT_OBJC_MSGSEND = YES;
				GCC_C_LANGUAGE_STANDARD = gnu11;
				GCC_NO_COMMON_BLOCKS = YES;
				GCC_WARN_64_TO_32_BIT_CONVERSION = YES;
				GCC_WARN_ABOUT_RETURN_TYPE = YES_ERROR;
				GCC_WARN_UNDECLARED_SELECTOR = YES;
				GCC_WARN_UNINITIALIZED_AUTOS = YES_AGGRESSIVE;
				GCC_WARN_UNUSED_FUNCTION = YES;
				GCC_WARN_UNUSED_VARIABLE = YES;
				IPHONEOS_DEPLOYMENT_TARGET = 12.2;
				MTL_ENABLE_DEBUG_INFO = NO;
				MTL_FAST_MATH = YES;
				SDKROOT = iphoneos;
				SWIFT_COMPILATION_MODE = wholemodule;
				SWIFT_OPTIMIZATION_LEVEL = "-O";
				VALIDATE_PRODUCT = YES;
			};
			name = Release;
		};
		C42C7B0B2266D8B600BF9F99 /* Debug */ = {
			isa = XCBuildConfiguration;
			buildSettings = {
				ASSETCATALOG_COMPILER_APPICON_NAME = AppIcon;
				CODE_SIGN_STYLE = Automatic;
				DEVELOPMENT_TEAM = F93845W87F;
				FRAMEWORK_SEARCH_PATHS = (
					"$(inherited)",
					"$(PROJECT_DIR)/../Carthage/Build/iOS",
				);
				INFOPLIST_FILE = UICollectionViewFlexboxLayoutDemo/Info.plist;
				IPHONEOS_DEPLOYMENT_TARGET = 12.2;
				LD_RUNPATH_SEARCH_PATHS = (
					"$(inherited)",
					"@executable_path/Frameworks",
				);
				PRODUCT_BUNDLE_IDENTIFIER = com.jerry.UICollectionViewFlexboxLayoutDemo;
				PRODUCT_NAME = "$(TARGET_NAME)";
				SWIFT_OPTIMIZATION_LEVEL = "-Onone";
				SWIFT_VERSION = 5.0;
				TARGETED_DEVICE_FAMILY = "1,2";
			};
			name = Debug;
		};
		C42C7B0C2266D8B600BF9F99 /* Release */ = {
			isa = XCBuildConfiguration;
			buildSettings = {
				ASSETCATALOG_COMPILER_APPICON_NAME = AppIcon;
				CODE_SIGN_STYLE = Automatic;
				DEVELOPMENT_TEAM = F93845W87F;
				FRAMEWORK_SEARCH_PATHS = (
					"$(inherited)",
					"$(PROJECT_DIR)/../Carthage/Build/iOS",
				);
				INFOPLIST_FILE = UICollectionViewFlexboxLayoutDemo/Info.plist;
				IPHONEOS_DEPLOYMENT_TARGET = 12.2;
				LD_RUNPATH_SEARCH_PATHS = (
					"$(inherited)",
					"@executable_path/Frameworks",
				);
				PRODUCT_BUNDLE_IDENTIFIER = com.jerry.UICollectionViewFlexboxLayoutDemo;
				PRODUCT_NAME = "$(TARGET_NAME)";
				SWIFT_OPTIMIZATION_LEVEL = "-O";
				SWIFT_VERSION = 5.0;
				TARGETED_DEVICE_FAMILY = "1,2";
			};
			name = Release;
		};
/* End XCBuildConfiguration section */

/* Begin XCConfigurationList section */
		C42C7AF32266D8B400BF9F99 /* Build configuration list for PBXProject "UICollectionViewFlexboxLayoutDemo" */ = {
			isa = XCConfigurationList;
			buildConfigurations = (
				C42C7B082266D8B600BF9F99 /* Debug */,
				C42C7B092266D8B600BF9F99 /* Release */,
			);
			defaultConfigurationIsVisible = 0;
			defaultConfigurationName = Release;
		};
		C42C7B0A2266D8B600BF9F99 /* Build configuration list for PBXNativeTarget "UICollectionViewFlexboxLayoutDemo" */ = {
			isa = XCConfigurationList;
			buildConfigurations = (
				C42C7B0B2266D8B600BF9F99 /* Debug */,
				C42C7B0C2266D8B600BF9F99 /* Release */,
			);
			defaultConfigurationIsVisible = 0;
			defaultConfigurationName = Release;
		};
/* End XCConfigurationList section */
	};
	rootObject = C42C7AF02266D8B400BF9F99 /* Project object */;
}
