{
  "object": {
    "pins": [
      {
        "package": "Intent",
        "repositoryURL": "https://github.com/Jerry0523/Intent.git",
        "state": {
          "branch": null,
          "revision": "b8b4803dd185721fed7af910ca6d17e73b055311",
          "version": "1.1.0"
        }
      },
      {
        "package": "JWRefreshControl",
        "repositoryURL": "https://github.com/Jerry0523/JWRefreshControl.git",
        "state": {
          "branch": null,
          "revision": "7996f96330ccbf49c94175a2121e3db4ecf2068d",
          "version": "1.0.7"
        }
      }
    ]
  },
  "version": 1
}
